
Microsoft Visual Studio Solution File, Format Version 12.00
# Visual Studio Version 17
VisualStudioVersion = 17.9.34723.18
MinimumVisualStudioVersion = 10.0.40219.1
Project("{FAE04EC0-301F-11D3-BF4B-00C04F79EFBC}") = "Project_TPMyAPI", "Project_TPMyAPI\Project_TPMyAPI.csproj", "{0837A9D5-DC31-4A07-BBD3-4D435E06A793}"
EndProject
Global
	GlobalSection(SolutionConfigurationPlatforms) = preSolution
		Debug|Any CPU = Debug|Any CPU
		Release|Any CPU = Release|Any CPU
	EndGlobalSection
	GlobalSection(ProjectConfigurationPlatforms) = postSolution
		{0837A9D5-DC31-4A07-BBD3-4D435E06A793}.Debug|Any CPU.ActiveCfg = Debug|Any CPU
		{0837A9D5-DC31-4A07-BBD3-4D435E06A793}.Debug|Any CPU.Build.0 = Debug|Any CPU
		{0837A9D5-DC31-4A07-BBD3-4D435E06A793}.Release|Any CPU.ActiveCfg = Release|Any CPU
		{0837A9D5-DC31-4A07-BBD3-4D435E06A793}.Release|Any CPU.Build.0 = Release|Any CPU
	EndGlobalSection
	GlobalSection(SolutionProperties) = preSolution
		HideSolutionNode = FALSE
	EndGlobalSection
	GlobalSection(ExtensibilityGlobals) = postSolution
		SolutionGuid = {12F10FB6-A7BF-4988-B59B-2B81BF62CAC7}
	EndGlobalSection
EndGlobal
